
Microsoft Visual Studio Solution File, Format Version 12.00
# Visual Studio 2013
VisualStudioVersion = 12.0.40629.0
MinimumVisualStudioVersion = 10.0.40219.1
Project("{FAE04EC0-301F-11D3-BF4B-00C04F79EFBC}") = "ClassLibrary1", "ClassLibrary1\ClassLibrary1.csproj", "{3B42A3E6-A361-4EF9-A2B3-1753F5AAE893}"
EndProject
Project("{2150E333-8FDC-42A3-9474-1A3956D46DE8}") = ".nuget", ".nuget", "{41B91EAD-59CB-40DC-9CC5-F16F7B0BCB9A}"
	ProjectSection(SolutionItems) = preProject
		.nuget\packages.config = .nuget\packages.config
	EndProjectSection
EndProject
Project("{FAE04EC0-301F-11D3-BF4B-00C04F79EFBC}") = "UnitTestProject1", "UnitTestProject1\UnitTestProject1.csproj", "{EAACFCB7-76D0-4AEE-8DFF-9CBA0CC99D3F}"
EndProject
Global
	GlobalSection(SolutionConfigurationPlatforms) = preSolution
		Debug|Any CPU = Debug|Any CPU
		Release|Any CPU = Release|Any CPU
	EndGlobalSection
	GlobalSection(ProjectConfigurationPlatforms) = postSolution
		{3B42A3E6-A361-4EF9-A2B3-1753F5AAE893}.Debug|Any CPU.ActiveCfg = Debug|Any CPU
		{3B42A3E6-A361-4EF9-A2B3-1753F5AAE893}.Debug|Any CPU.Build.0 = Debug|Any CPU
		{3B42A3E6-A361-4EF9-A2B3-1753F5AAE893}.Release|Any CPU.ActiveCfg = Release|Any CPU
		{3B42A3E6-A361-4EF9-A2B3-1753F5AAE893}.Release|Any CPU.Build.0 = Release|Any CPU
		{EAACFCB7-76D0-4AEE-8DFF-9CBA0CC99D3F}.Debug|Any CPU.ActiveCfg = Debug|Any CPU
		{EAACFCB7-76D0-4AEE-8DFF-9CBA0CC99D3F}.Debug|Any CPU.Build.0 = Debug|Any CPU
		{EAACFCB7-76D0-4AEE-8DFF-9CBA0CC99D3F}.Release|Any CPU.ActiveCfg = Release|Any CPU
		{EAACFCB7-76D0-4AEE-8DFF-9CBA0CC99D3F}.Release|Any CPU.Build.0 = Release|Any CPU
	EndGlobalSection
	GlobalSection(SolutionProperties) = preSolution
		HideSolutionNode = FALSE
	EndGlobalSection
EndGlobal
